
Microsoft Visual Studio Solution File, Format Version 12.00
# Visual Studio 14
VisualStudioVersion = 14.0.25420.1
MinimumVisualStudioVersion = 10.0.40219.1
Project("{FAE04EC0-301F-11D3-BF4B-00C04F79EFBC}") = "0", "0\0.csproj", "{8020C0B2-B3D7-4900-B700-E468A466AB2C}"
EndProject
Project("{FAE04EC0-301F-11D3-BF4B-00C04F79EFBC}") = "1", "1\1.csproj", "{38AF3543-3E33-4978-B2AC-FAA3AB67009B}"
EndProject
Project("{2150E333-8FDC-42A3-9474-1A3956D46DE8}") = "Solution Items", "Solution Items", "{E0204BF2-3151-44DD-9C2C-5E51F84B9B3E}"
	ProjectSection(SolutionItems) = preProject
		README.md = README.md
	EndProjectSection
EndProject
Project("{FAE04EC0-301F-11D3-BF4B-00C04F79EFBC}") = "2", "2\2.csproj", "{944A2FAB-2ADB-42DA-B030-102FB31A1F3A}"
EndProject
Project("{FAE04EC0-301F-11D3-BF4B-00C04F79EFBC}") = "3", "3\3.csproj", "{D228E785-E2A3-44A8-8A97-2B375BBA986D}"
EndProject
Project("{FAE04EC0-301F-11D3-BF4B-00C04F79EFBC}") = "4", "4\4.csproj", "{6217BD38-5DAC-4D85-ACC9-71273C6FCC9B}"
EndProject
Project("{FAE04EC0-301F-11D3-BF4B-00C04F79EFBC}") = "5", "5\5.csproj", "{C9F68B8B-D806-45D4-A4B6-5077B3D568D8}"
EndProject
Project("{FAE04EC0-301F-11D3-BF4B-00C04F79EFBC}") = "6", "6\6.csproj", "{DAF79A32-0ED1-4820-A526-883DA75FAC56}"
EndProject
Project("{FAE04EC0-301F-11D3-BF4B-00C04F79EFBC}") = "7", "7\7.csproj", "{EFCE32BF-F39A-4A50-92F4-BB098E472D81}"
EndProject
Global
	GlobalSection(SolutionConfigurationPlatforms) = preSolution
		Debug|ARM = Debug|ARM
		Debug|x64 = Debug|x64
		Debug|x86 = Debug|x86
		Release|ARM = Release|ARM
		Release|x64 = Release|x64
		Release|x86 = Release|x86
	EndGlobalSection
	GlobalSection(ProjectConfigurationPlatforms) = postSolution
		{8020C0B2-B3D7-4900-B700-E468A466AB2C}.Debug|ARM.ActiveCfg = Debug|ARM
		{8020C0B2-B3D7-4900-B700-E468A466AB2C}.Debug|ARM.Build.0 = Debug|ARM
		{8020C0B2-B3D7-4900-B700-E468A466AB2C}.Debug|ARM.Deploy.0 = Debug|ARM
		{8020C0B2-B3D7-4900-B700-E468A466AB2C}.Debug|x64.ActiveCfg = Debug|x64
		{8020C0B2-B3D7-4900-B700-E468A466AB2C}.Debug|x64.Build.0 = Debug|x64
		{8020C0B2-B3D7-4900-B700-E468A466AB2C}.Debug|x64.Deploy.0 = Debug|x64
		{8020C0B2-B3D7-4900-B700-E468A466AB2C}.Debug|x86.ActiveCfg = Debug|x86
		{8020C0B2-B3D7-4900-B700-E468A466AB2C}.Debug|x86.Build.0 = Debug|x86
		{8020C0B2-B3D7-4900-B700-E468A466AB2C}.Debug|x86.Deploy.0 = Debug|x86
		{8020C0B2-B3D7-4900-B700-E468A466AB2C}.Release|ARM.ActiveCfg = Release|ARM
		{8020C0B2-B3D7-4900-B700-E468A466AB2C}.Release|ARM.Build.0 = Release|ARM
		{8020C0B2-B3D7-4900-B700-E468A466AB2C}.Release|ARM.Deploy.0 = Release|ARM
		{8020C0B2-B3D7-4900-B700-E468A466AB2C}.Release|x64.ActiveCfg = Release|x64
		{8020C0B2-B3D7-4900-B700-E468A466AB2C}.Release|x64.Build.0 = Release|x64
		{8020C0B2-B3D7-4900-B700-E468A466AB2C}.Release|x64.Deploy.0 = Release|x64
		{8020C0B2-B3D7-4900-B700-E468A466AB2C}.Release|x86.ActiveCfg = Release|x86
		{8020C0B2-B3D7-4900-B700-E468A466AB2C}.Release|x86.Build.0 = Release|x86
		{8020C0B2-B3D7-4900-B700-E468A466AB2C}.Release|x86.Deploy.0 = Release|x86
		{38AF3543-3E33-4978-B2AC-FAA3AB67009B}.Debug|ARM.ActiveCfg = Debug|ARM
		{38AF3543-3E33-4978-B2AC-FAA3AB67009B}.Debug|ARM.Build.0 = Debug|ARM
		{38AF3543-3E33-4978-B2AC-FAA3AB67009B}.Debug|ARM.Deploy.0 = Debug|ARM
		{38AF3543-3E33-4978-B2AC-FAA3AB67009B}.Debug|x64.ActiveCfg = Debug|x64
		{38AF3543-3E33-4978-B2AC-FAA3AB67009B}.Debug|x64.Build.0 = Debug|x64
		{38AF3543-3E33-4978-B2AC-FAA3AB67009B}.Debug|x64.Deploy.0 = Debug|x64
		{38AF3543-3E33-4978-B2AC-FAA3AB67009B}.Debug|x86.ActiveCfg = Debug|x86
		{38AF3543-3E33-4978-B2AC-FAA3AB67009B}.Debug|x86.Build.0 = Debug|x86
		{38AF3543-3E33-4978-B2AC-FAA3AB67009B}.Debug|x86.Deploy.0 = Debug|x86
		{38AF3543-3E33-4978-B2AC-FAA3AB67009B}.Release|ARM.ActiveCfg = Release|ARM
		{38AF3543-3E33-4978-B2AC-FAA3AB67009B}.Release|ARM.Build.0 = Release|ARM
		{38AF3543-3E33-4978-B2AC-FAA3AB67009B}.Release|ARM.Deploy.0 = Release|ARM
		{38AF3543-3E33-4978-B2AC-FAA3AB67009B}.Release|x64.ActiveCfg = Release|x64
		{38AF3543-3E33-4978-B2AC-FAA3AB67009B}.Release|x64.Build.0 = Release|x64
		{38AF3543-3E33-4978-B2AC-FAA3AB67009B}.Release|x64.Deploy.0 = Release|x64
		{38AF3543-3E33-4978-B2AC-FAA3AB67009B}.Release|x86.ActiveCfg = Release|x86
		{38AF3543-3E33-4978-B2AC-FAA3AB67009B}.Release|x86.Build.0 = Release|x86
		{38AF3543-3E33-4978-B2AC-FAA3AB67009B}.Release|x86.Deploy.0 = Release|x86
		{944A2FAB-2ADB-42DA-B030-102FB31A1F3A}.Debug|ARM.ActiveCfg = Debug|ARM
		{944A2FAB-2ADB-42DA-B030-102FB31A1F3A}.Debug|ARM.Build.0 = Debug|ARM
		{944A2FAB-2ADB-42DA-B030-102FB31A1F3A}.Debug|ARM.Deploy.0 = Debug|ARM
		{944A2FAB-2ADB-42DA-B030-102FB31A1F3A}.Debug|x64.ActiveCfg = Debug|x64
		{944A2FAB-2ADB-42DA-B030-102FB31A1F3A}.Debug|x64.Build.0 = Debug|x64
		{944A2FAB-2ADB-42DA-B030-102FB31A1F3A}.Debug|x64.Deploy.0 = Debug|x64
		{944A2FAB-2ADB-42DA-B030-102FB31A1F3A}.Debug|x86.ActiveCfg = Debug|x86
		{944A2FAB-2ADB-42DA-B030-102FB31A1F3A}.Debug|x86.Build.0 = Debug|x86
		{944A2FAB-2ADB-42DA-B030-102FB31A1F3A}.Debug|x86.Deploy.0 = Debug|x86
		{944A2FAB-2ADB-42DA-B030-102FB31A1F3A}.Release|ARM.ActiveCfg = Release|ARM
		{944A2FAB-2ADB-42DA-B030-102FB31A1F3A}.Release|ARM.Build.0 = Release|ARM
		{944A2FAB-2ADB-42DA-B030-102FB31A1F3A}.Release|ARM.Deploy.0 = Release|ARM
		{944A2FAB-2ADB-42DA-B030-102FB31A1F3A}.Release|x64.ActiveCfg = Release|x64
		{944A2FAB-2ADB-42DA-B030-102FB31A1F3A}.Release|x64.Build.0 = Release|x64
		{944A2FAB-2ADB-42DA-B030-102FB31A1F3A}.Release|x64.Deploy.0 = Release|x64
		{944A2FAB-2ADB-42DA-B030-102FB31A1F3A}.Release|x86.ActiveCfg = Release|x86
		{944A2FAB-2ADB-42DA-B030-102FB31A1F3A}.Release|x86.Build.0 = Release|x86
		{944A2FAB-2ADB-42DA-B030-102FB31A1F3A}.Release|x86.Deploy.0 = Release|x86
		{D228E785-E2A3-44A8-8A97-2B375BBA986D}.Debug|ARM.ActiveCfg = Debug|ARM
		{D228E785-E2A3-44A8-8A97-2B375BBA986D}.Debug|ARM.Build.0 = Debug|ARM
		{D228E785-E2A3-44A8-8A97-2B375BBA986D}.Debug|ARM.Deploy.0 = Debug|ARM
		{D228E785-E2A3-44A8-8A97-2B375BBA986D}.Debug|x64.ActiveCfg = Debug|x64
		{D228E785-E2A3-44A8-8A97-2B375BBA986D}.Debug|x64.Build.0 = Debug|x64
		{D228E785-E2A3-44A8-8A97-2B375BBA986D}.Debug|x64.Deploy.0 = Debug|x64
		{D228E785-E2A3-44A8-8A97-2B375BBA986D}.Debug|x86.ActiveCfg = Debug|x86
		{D228E785-E2A3-44A8-8A97-2B375BBA986D}.Debug|x86.Build.0 = Debug|x86
		{D228E785-E2A3-44A8-8A97-2B375BBA986D}.Debug|x86.Deploy.0 = Debug|x86
		{D228E785-E2A3-44A8-8A97-2B375BBA986D}.Release|ARM.ActiveCfg = Release|ARM
		{D228E785-E2A3-44A8-8A97-2B375BBA986D}.Release|ARM.Build.0 = Release|ARM
		{D228E785-E2A3-44A8-8A97-2B375BBA986D}.Release|ARM.Deploy.0 = Release|ARM
		{D228E785-E2A3-44A8-8A97-2B375BBA986D}.Release|x64.ActiveCfg = Release|x64
		{D228E785-E2A3-44A8-8A97-2B375BBA986D}.Release|x64.Build.0 = Release|x64
		{D228E785-E2A3-44A8-8A97-2B375BBA986D}.Release|x64.Deploy.0 = Release|x64
		{D228E785-E2A3-44A8-8A97-2B375BBA986D}.Release|x86.ActiveCfg = Release|x86
		{D228E785-E2A3-44A8-8A97-2B375BBA986D}.Release|x86.Build.0 = Release|x86
		{D228E785-E2A3-44A8-8A97-2B375BBA986D}.Release|x86.Deploy.0 = Release|x86
		{6217BD38-5DAC-4D85-ACC9-71273C6FCC9B}.Debug|ARM.ActiveCfg = Debug|ARM
		{6217BD38-5DAC-4D85-ACC9-71273C6FCC9B}.Debug|ARM.Build.0 = Debug|ARM
		{6217BD38-5DAC-4D85-ACC9-71273C6FCC9B}.Debug|ARM.Deploy.0 = Debug|ARM
		{6217BD38-5DAC-4D85-ACC9-71273C6FCC9B}.Debug|x64.ActiveCfg = Debug|x64
		{6217BD38-5DAC-4D85-ACC9-71273C6FCC9B}.Debug|x64.Build.0 = Debug|x64
		{6217BD38-5DAC-4D85-ACC9-71273C6FCC9B}.Debug|x64.Deploy.0 = Debug|x64
		{6217BD38-5DAC-4D85-ACC9-71273C6FCC9B}.Debug|x86.ActiveCfg = Debug|x86
		{6217BD38-5DAC-4D85-ACC9-71273C6FCC9B}.Debug|x86.Build.0 = Debug|x86
		{6217BD38-5DAC-4D85-ACC9-71273C6FCC9B}.Debug|x86.Deploy.0 = Debug|x86
		{6217BD38-5DAC-4D85-ACC9-71273C6FCC9B}.Release|ARM.ActiveCfg = Release|ARM
		{6217BD38-5DAC-4D85-ACC9-71273C6FCC9B}.Release|ARM.Build.0 = Release|ARM
		{6217BD38-5DAC-4D85-ACC9-71273C6FCC9B}.Release|ARM.Deploy.0 = Release|ARM
		{6217BD38-5DAC-4D85-ACC9-71273C6FCC9B}.Release|x64.ActiveCfg = Release|x64
		{6217BD38-5DAC-4D85-ACC9-71273C6FCC9B}.Release|x64.Build.0 = Release|x64
		{6217BD38-5DAC-4D85-ACC9-71273C6FCC9B}.Release|x64.Deploy.0 = Release|x64
		{6217BD38-5DAC-4D85-ACC9-71273C6FCC9B}.Release|x86.ActiveCfg = Release|x86
		{6217BD38-5DAC-4D85-ACC9-71273C6FCC9B}.Release|x86.Build.0 = Release|x86
		{6217BD38-5DAC-4D85-ACC9-71273C6FCC9B}.Release|x86.Deploy.0 = Release|x86
		{C9F68B8B-D806-45D4-A4B6-5077B3D568D8}.Debug|ARM.ActiveCfg = Debug|ARM
		{C9F68B8B-D806-45D4-A4B6-5077B3D568D8}.Debug|ARM.Build.0 = Debug|ARM
		{C9F68B8B-D806-45D4-A4B6-5077B3D568D8}.Debug|ARM.Deploy.0 = Debug|ARM
		{C9F68B8B-D806-45D4-A4B6-5077B3D568D8}.Debug|x64.ActiveCfg = Debug|x64
		{C9F68B8B-D806-45D4-A4B6-5077B3D568D8}.Debug|x64.Build.0 = Debug|x64
		{C9F68B8B-D806-45D4-A4B6-5077B3D568D8}.Debug|x64.Deploy.0 = Debug|x64
		{C9F68B8B-D806-45D4-A4B6-5077B3D568D8}.Debug|x86.ActiveCfg = Debug|x86
		{C9F68B8B-D806-45D4-A4B6-5077B3D568D8}.Debug|x86.Build.0 = Debug|x86
		{C9F68B8B-D806-45D4-A4B6-5077B3D568D8}.Debug|x86.Deploy.0 = Debug|x86
		{C9F68B8B-D806-45D4-A4B6-5077B3D568D8}.Release|ARM.ActiveCfg = Release|ARM
		{C9F68B8B-D806-45D4-A4B6-5077B3D568D8}.Release|ARM.Build.0 = Release|ARM
		{C9F68B8B-D806-45D4-A4B6-5077B3D568D8}.Release|ARM.Deploy.0 = Release|ARM
		{C9F68B8B-D806-45D4-A4B6-5077B3D568D8}.Release|x64.ActiveCfg = Release|x64
		{C9F68B8B-D806-45D4-A4B6-5077B3D568D8}.Release|x64.Build.0 = Release|x64
		{C9F68B8B-D806-45D4-A4B6-5077B3D568D8}.Release|x64.Deploy.0 = Release|x64
		{C9F68B8B-D806-45D4-A4B6-5077B3D568D8}.Release|x86.ActiveCfg = Release|x86
		{C9F68B8B-D806-45D4-A4B6-5077B3D568D8}.Release|x86.Build.0 = Release|x86
		{C9F68B8B-D806-45D4-A4B6-5077B3D568D8}.Release|x86.Deploy.0 = Release|x86
		{DAF79A32-0ED1-4820-A526-883DA75FAC56}.Debug|ARM.ActiveCfg = Debug|ARM
		{DAF79A32-0ED1-4820-A526-883DA75FAC56}.Debug|ARM.Build.0 = Debug|ARM
		{DAF79A32-0ED1-4820-A526-883DA75FAC56}.Debug|ARM.Deploy.0 = Debug|ARM
		{DAF79A32-0ED1-4820-A526-883DA75FAC56}.Debug|x64.ActiveCfg = Debug|x64
		{DAF79A32-0ED1-4820-A526-883DA75FAC56}.Debug|x64.Build.0 = Debug|x64
		{DAF79A32-0ED1-4820-A526-883DA75FAC56}.Debug|x64.Deploy.0 = Debug|x64
		{DAF79A32-0ED1-4820-A526-883DA75FAC56}.Debug|x86.ActiveCfg = Debug|x86
		{DAF79A32-0ED1-4820-A526-883DA75FAC56}.Debug|x86.Build.0 = Debug|x86
		{DAF79A32-0ED1-4820-A526-883DA75FAC56}.Debug|x86.Deploy.0 = Debug|x86
		{DAF79A32-0ED1-4820-A526-883DA75FAC56}.Release|ARM.ActiveCfg = Release|ARM
		{DAF79A32-0ED1-4820-A526-883DA75FAC56}.Release|ARM.Build.0 = Release|ARM
		{DAF79A32-0ED1-4820-A526-883DA75FAC56}.Release|ARM.Deploy.0 = Release|ARM
		{DAF79A32-0ED1-4820-A526-883DA75FAC56}.Release|x64.ActiveCfg = Release|x64
		{DAF79A32-0ED1-4820-A526-883DA75FAC56}.Release|x64.Build.0 = Release|x64
		{DAF79A32-0ED1-4820-A526-883DA75FAC56}.Release|x64.Deploy.0 = Release|x64
		{DAF79A32-0ED1-4820-A526-883DA75FAC56}.Release|x86.ActiveCfg = Release|x86
		{DAF79A32-0ED1-4820-A526-883DA75FAC56}.Release|x86.Build.0 = Release|x86
		{DAF79A32-0ED1-4820-A526-883DA75FAC56}.Release|x86.Deploy.0 = Release|x86
		{EFCE32BF-F39A-4A50-92F4-BB098E472D81}.Debug|ARM.ActiveCfg = Debug|ARM
		{EFCE32BF-F39A-4A50-92F4-BB098E472D81}.Debug|ARM.Build.0 = Debug|ARM
		{EFCE32BF-F39A-4A50-92F4-BB098E472D81}.Debug|ARM.Deploy.0 = Debug|ARM
		{EFCE32BF-F39A-4A50-92F4-BB098E472D81}.Debug|x64.ActiveCfg = Debug|x64
		{EFCE32BF-F39A-4A50-92F4-BB098E472D81}.Debug|x64.Build.0 = Debug|x64
		{EFCE32BF-F39A-4A50-92F4-BB098E472D81}.Debug|x64.Deploy.0 = Debug|x64
		{EFCE32BF-F39A-4A50-92F4-BB098E472D81}.Debug|x86.ActiveCfg = Debug|x86
		{EFCE32BF-F39A-4A50-92F4-BB098E472D81}.Debug|x86.Build.0 = Debug|x86
		{EFCE32BF-F39A-4A50-92F4-BB098E472D81}.Debug|x86.Deploy.0 = Debug|x86
		{EFCE32BF-F39A-4A50-92F4-BB098E472D81}.Release|ARM.ActiveCfg = Release|ARM
		{EFCE32BF-F39A-4A50-92F4-BB098E472D81}.Release|ARM.Build.0 = Release|ARM
		{EFCE32BF-F39A-4A50-92F4-BB098E472D81}.Release|ARM.Deploy.0 = Release|ARM
		{EFCE32BF-F39A-4A50-92F4-BB098E472D81}.Release|x64.ActiveCfg = Release|x64
		{EFCE32BF-F39A-4A50-92F4-BB098E472D81}.Release|x64.Build.0 = Release|x64
		{EFCE32BF-F39A-4A50-92F4-BB098E472D81}.Release|x64.Deploy.0 = Release|x64
		{EFCE32BF-F39A-4A50-92F4-BB098E472D81}.Release|x86.ActiveCfg = Release|x86
		{EFCE32BF-F39A-4A50-92F4-BB098E472D81}.Release|x86.Build.0 = Release|x86
		{EFCE32BF-F39A-4A50-92F4-BB098E472D81}.Release|x86.Deploy.0 = Release|x86
	EndGlobalSection
	GlobalSection(SolutionProperties) = preSolution
		HideSolutionNode = FALSE
	EndGlobalSection
EndGlobal
